// !$*UTF8*$!
{
	archiveVersion = 1;
	classes = {
	};
	objectVersion = 55;
	objects = {

/* Begin PBXBuildFile section */
		CA3D97BA29AD7C8F009F4DD2 /* LoginView.swift in Sources */ = {isa = PBXBuildFile; fileRef = CA3D97B929AD7C8F009F4DD2 /* LoginView.swift */; };
		CA3D97BC29AD7C9E009F4DD2 /* RegistrationView.swift in Sources */ = {isa = PBXBuildFile; fileRef = CA3D97BB29AD7C9E009F4DD2 /* RegistrationView.swift */; };
		CA3D97BF29AD927F009F4DD2 /* CustomInputField.swift in Sources */ = {isa = PBXBuildFile; fileRef = CA3D97BE29AD927F009F4DD2 /* CustomInputField.swift */; };
		CA56843929A5B9E000B819C2 /* UberSwiftUITutorialApp.swift in Sources */ = {isa = PBXBuildFile; fileRef = CA56843829A5B9E000B819C2 /* UberSwiftUITutorialApp.swift */; };
		CA56843D29A5B9E200B819C2 /* Assets.xcassets in Resources */ = {isa = PBXBuildFile; fileRef = CA56843C29A5B9E200B819C2 /* Assets.xcassets */; };
		CA56844029A5B9E200B819C2 /* Preview Assets.xcassets in Resources */ = {isa = PBXBuildFile; fileRef = CA56843F29A5B9E200B819C2 /* Preview Assets.xcassets */; };
		CA56845229A5BE2800B819C2 /* HomeView.swift in Sources */ = {isa = PBXBuildFile; fileRef = CA56845129A5BE2800B819C2 /* HomeView.swift */; };
		CA56845429A5BE9300B819C2 /* UberMapViewRepresentable.swift in Sources */ = {isa = PBXBuildFile; fileRef = CA56845329A5BE9300B819C2 /* UberMapViewRepresentable.swift */; };
		CA56845629A5C70800B819C2 /* LocationManager.swift in Sources */ = {isa = PBXBuildFile; fileRef = CA56845529A5C70800B819C2 /* LocationManager.swift */; };
		CA5FA85629AC5F4E0007FC45 /* RideType.swift in Sources */ = {isa = PBXBuildFile; fileRef = CA5FA85529AC5F4E0007FC45 /* RideType.swift */; };
		CA5FA85829AD06500007FC45 /* Double.swift in Sources */ = {isa = PBXBuildFile; fileRef = CA5FA85729AD06500007FC45 /* Double.swift */; };
		CA5FA85A29AD17640007FC45 /* UberLocation.swift in Sources */ = {isa = PBXBuildFile; fileRef = CA5FA85929AD17640007FC45 /* UberLocation.swift */; };
		CA5FA85C29AD218E0007FC45 /* Color.swift in Sources */ = {isa = PBXBuildFile; fileRef = CA5FA85B29AD218D0007FC45 /* Color.swift */; };
		CA619E5829A84062002EEF40 /* LocationSearchActivationView.swift in Sources */ = {isa = PBXBuildFile; fileRef = CA619E5729A84062002EEF40 /* LocationSearchActivationView.swift */; };
		CA619E5A29A85FEE002EEF40 /* MapViewActionButton.swift in Sources */ = {isa = PBXBuildFile; fileRef = CA619E5929A85FEE002EEF40 /* MapViewActionButton.swift */; };
		CA619E5C29A865D2002EEF40 /* LocationSearchView.swift in Sources */ = {isa = PBXBuildFile; fileRef = CA619E5B29A865D1002EEF40 /* LocationSearchView.swift */; };
		CA619E5E29A882F2002EEF40 /* LocationSearchResultCell.swift in Sources */ = {isa = PBXBuildFile; fileRef = CA619E5D29A882F2002EEF40 /* LocationSearchResultCell.swift */; };
		CA619E6029A959BC002EEF40 /* LocationSearchViewModel.swift in Sources */ = {isa = PBXBuildFile; fileRef = CA619E5F29A959BC002EEF40 /* LocationSearchViewModel.swift */; };
		CA619E6229AA0458002EEF40 /* MapViewState.swift in Sources */ = {isa = PBXBuildFile; fileRef = CA619E6129AA0458002EEF40 /* MapViewState.swift */; };
		CA619E6529AA22FF002EEF40 /* RideRequestView.swift in Sources */ = {isa = PBXBuildFile; fileRef = CA619E6429AA22FF002EEF40 /* RideRequestView.swift */; };
/* End PBXBuildFile section */

/* Begin PBXFileReference section */
		CA3D97B929AD7C8F009F4DD2 /* LoginView.swift */ = {isa = PBXFileReference; lastKnownFileType = sourcecode.swift; path = LoginView.swift; sourceTree = "<group>"; };
		CA3D97BB29AD7C9E009F4DD2 /* RegistrationView.swift */ = {isa = PBXFileReference; lastKnownFileType = sourcecode.swift; path = RegistrationView.swift; sourceTree = "<group>"; };
		CA3D97BE29AD927F009F4DD2 /* CustomInputField.swift */ = {isa = PBXFileReference; lastKnownFileType = sourcecode.swift; path = CustomInputField.swift; sourceTree = "<group>"; };
		CA56843529A5B9E000B819C2 /* UberSwiftUITutorial.app */ = {isa = PBXFileReference; explicitFileType = wrapper.application; includeInIndex = 0; path = UberSwiftUITutorial.app; sourceTree = BUILT_PRODUCTS_DIR; };
		CA56843829A5B9E000B819C2 /* UberSwiftUITutorialApp.swift */ = {isa = PBXFileReference; lastKnownFileType = sourcecode.swift; path = UberSwiftUITutorialApp.swift; sourceTree = "<group>"; };
		CA56843C29A5B9E200B819C2 /* Assets.xcassets */ = {isa = PBXFileReference; lastKnownFileType = folder.assetcatalog; path = Assets.xcassets; sourceTree = "<group>"; };
		CA56843F29A5B9E200B819C2 /* Preview Assets.xcassets */ = {isa = PBXFileReference; lastKnownFileType = folder.assetcatalog; path = "Preview Assets.xcassets"; sourceTree = "<group>"; };
		CA56845129A5BE2800B819C2 /* HomeView.swift */ = {isa = PBXFileReference; lastKnownFileType = sourcecode.swift; path = HomeView.swift; sourceTree = "<group>"; };
		CA56845329A5BE9300B819C2 /* UberMapViewRepresentable.swift */ = {isa = PBXFileReference; lastKnownFileType = sourcecode.swift; path = UberMapViewRepresentable.swift; sourceTree = "<group>"; };
		CA56845529A5C70800B819C2 /* LocationManager.swift */ = {isa = PBXFileReference; lastKnownFileType = sourcecode.swift; path = LocationManager.swift; sourceTree = "<group>"; };
		CA5FA85529AC5F4E0007FC45 /* RideType.swift */ = {isa = PBXFileReference; lastKnownFileType = sourcecode.swift; path = RideType.swift; sourceTree = "<group>"; };
		CA5FA85729AD06500007FC45 /* Double.swift */ = {isa = PBXFileReference; lastKnownFileType = sourcecode.swift; path = Double.swift; sourceTree = "<group>"; };
		CA5FA85929AD17640007FC45 /* UberLocation.swift */ = {isa = PBXFileReference; lastKnownFileType = sourcecode.swift; path = UberLocation.swift; sourceTree = "<group>"; };
		CA5FA85B29AD218D0007FC45 /* Color.swift */ = {isa = PBXFileReference; lastKnownFileType = sourcecode.swift; path = Color.swift; sourceTree = "<group>"; };
		CA619E5729A84062002EEF40 /* LocationSearchActivationView.swift */ = {isa = PBXFileReference; lastKnownFileType = sourcecode.swift; path = LocationSearchActivationView.swift; sourceTree = "<group>"; };
		CA619E5929A85FEE002EEF40 /* MapViewActionButton.swift */ = {isa = PBXFileReference; lastKnownFileType = sourcecode.swift; path = MapViewActionButton.swift; sourceTree = "<group>"; };
		CA619E5B29A865D1002EEF40 /* LocationSearchView.swift */ = {isa = PBXFileReference; lastKnownFileType = sourcecode.swift; path = LocationSearchView.swift; sourceTree = "<group>"; };
		CA619E5D29A882F2002EEF40 /* LocationSearchResultCell.swift */ = {isa = PBXFileReference; lastKnownFileType = sourcecode.swift; path = LocationSearchResultCell.swift; sourceTree = "<group>"; };
		CA619E5F29A959BC002EEF40 /* LocationSearchViewModel.swift */ = {isa = PBXFileReference; lastKnownFileType = sourcecode.swift; path = LocationSearchViewModel.swift; sourceTree = "<group>"; };
		CA619E6129AA0458002EEF40 /* MapViewState.swift */ = {isa = PBXFileReference; lastKnownFileType = sourcecode.swift; path = MapViewState.swift; sourceTree = "<group>"; };
		CA619E6429AA22FF002EEF40 /* RideRequestView.swift */ = {isa = PBXFileReference; lastKnownFileType = sourcecode.swift; path = RideRequestView.swift; sourceTree = "<group>"; };
/* End PBXFileReference section */

/* Begin PBXFrameworksBuildPhase section */
		CA56843229A5B9E000B819C2 /* Frameworks */ = {
			isa = PBXFrameworksBuildPhase;
			buildActionMask = 2147483647;
			files = (
			);
			runOnlyForDeploymentPostprocessing = 0;
		};
/* End PBXFrameworksBuildPhase section */

/* Begin PBXGroup section */
		CA3D97B629AD7C5E009F4DD2 /* Authentication */ = {
			isa = PBXGroup;
			children = (
				CA3D97B829AD7C6B009F4DD2 /* Views */,
				CA3D97B729AD7C68009F4DD2 /* ViewModels */,
			);
			path = Authentication;
			sourceTree = "<group>";
		};
		CA3D97B729AD7C68009F4DD2 /* ViewModels */ = {
			isa = PBXGroup;
			children = (
			);
			path = ViewModels;
			sourceTree = "<group>";
		};
		CA3D97B829AD7C6B009F4DD2 /* Views */ = {
			isa = PBXGroup;
			children = (
				CA3D97B929AD7C8F009F4DD2 /* LoginView.swift */,
				CA3D97BB29AD7C9E009F4DD2 /* RegistrationView.swift */,
			);
			path = Views;
			sourceTree = "<group>";
		};
		CA3D97BD29AD9264009F4DD2 /* ReusableItems */ = {
			isa = PBXGroup;
			children = (
				CA3D97BE29AD927F009F4DD2 /* CustomInputField.swift */,
			);
			path = ReusableItems;
			sourceTree = "<group>";
		};
		CA56842C29A5B9E000B819C2 = {
			isa = PBXGroup;
			children = (
				CA56843729A5B9E000B819C2 /* UberSwiftUITutorial */,
				CA56843629A5B9E000B819C2 /* Products */,
			);
			sourceTree = "<group>";
		};
		CA56843629A5B9E000B819C2 /* Products */ = {
			isa = PBXGroup;
			children = (
				CA56843529A5B9E000B819C2 /* UberSwiftUITutorial.app */,
			);
			name = Products;
			sourceTree = "<group>";
		};
		CA56843729A5B9E000B819C2 /* UberSwiftUITutorial */ = {
			isa = PBXGroup;
			children = (
				CA3D97BD29AD9264009F4DD2 /* ReusableItems */,
				CA56844E29A5BCA300B819C2 /* App */,
				CA56844D29A5BCA200B819C2 /* Core */,
				CA56844C29A5BCA000B819C2 /* Extensions */,
				CA56844B29A5BC9F00B819C2 /* Managers */,
				CA56844A29A5BC9D00B819C2 /* Models */,
				CA56843C29A5B9E200B819C2 /* Assets.xcassets */,
				CA56843E29A5B9E200B819C2 /* Preview Content */,
			);
			path = UberSwiftUITutorial;
			sourceTree = "<group>";
		};
		CA56843E29A5B9E200B819C2 /* Preview Content */ = {
			isa = PBXGroup;
			children = (
				CA56843F29A5B9E200B819C2 /* Preview Assets.xcassets */,
			);
			path = "Preview Content";
			sourceTree = "<group>";
		};
		CA56844A29A5BC9D00B819C2 /* Models */ = {
			isa = PBXGroup;
			children = (
				CA619E6129AA0458002EEF40 /* MapViewState.swift */,
				CA5FA85529AC5F4E0007FC45 /* RideType.swift */,
				CA5FA85929AD17640007FC45 /* UberLocation.swift */,
			);
			path = Models;
			sourceTree = "<group>";
		};
		CA56844B29A5BC9F00B819C2 /* Managers */ = {
			isa = PBXGroup;
			children = (
				CA56845529A5C70800B819C2 /* LocationManager.swift */,
			);
			path = Managers;
			sourceTree = "<group>";
		};
		CA56844C29A5BCA000B819C2 /* Extensions */ = {
			isa = PBXGroup;
			children = (
				CA5FA85729AD06500007FC45 /* Double.swift */,
				CA5FA85B29AD218D0007FC45 /* Color.swift */,
			);
			path = Extensions;
			sourceTree = "<group>";
		};
		CA56844D29A5BCA200B819C2 /* Core */ = {
			isa = PBXGroup;
			children = (
				CA3D97B629AD7C5E009F4DD2 /* Authentication */,
				CA619E6329AA22EF002EEF40 /* Trips */,
				CA619E5429A8401B002EEF40 /* LocationSearch */,
				CA619E5329A83695002EEF40 /* Home */,
				CA56845029A5BCF100B819C2 /* ViewModel */,
				CA56844F29A5BCEF00B819C2 /* Views */,
			);
			path = Core;
			sourceTree = "<group>";
		};
		CA56844E29A5BCA300B819C2 /* App */ = {
			isa = PBXGroup;
			children = (
				CA56843829A5B9E000B819C2 /* UberSwiftUITutorialApp.swift */,
			);
			path = App;
			sourceTree = "<group>";
		};
		CA56844F29A5BCEF00B819C2 /* Views */ = {
			isa = PBXGroup;
			children = (
				CA56845129A5BE2800B819C2 /* HomeView.swift */,
				CA619E5929A85FEE002EEF40 /* MapViewActionButton.swift */,
				CA56845329A5BE9300B819C2 /* UberMapViewRepresentable.swift */,
			);
			path = Views;
			sourceTree = "<group>";
		};
		CA56845029A5BCF100B819C2 /* ViewModel */ = {
			isa = PBXGroup;
			children = (
			);
			path = ViewModel;
			sourceTree = "<group>";
		};
		CA619E5329A83695002EEF40 /* Home */ = {
			isa = PBXGroup;
			children = (
			);
			path = Home;
			sourceTree = "<group>";
		};
		CA619E5429A8401B002EEF40 /* LocationSearch */ = {
			isa = PBXGroup;
			children = (
				CA619E5629A8404A002EEF40 /* Views */,
				CA619E5529A84040002EEF40 /* ViewModel */,
			);
			path = LocationSearch;
			sourceTree = "<group>";
		};
		CA619E5529A84040002EEF40 /* ViewModel */ = {
			isa = PBXGroup;
			children = (
				CA619E5F29A959BC002EEF40 /* LocationSearchViewModel.swift */,
			);
			path = ViewModel;
			sourceTree = "<group>";
		};
		CA619E5629A8404A002EEF40 /* Views */ = {
			isa = PBXGroup;
			children = (
				CA619E5729A84062002EEF40 /* LocationSearchActivationView.swift */,
				CA619E5D29A882F2002EEF40 /* LocationSearchResultCell.swift */,
				CA619E5B29A865D1002EEF40 /* LocationSearchView.swift */,
			);
			path = Views;
			sourceTree = "<group>";
		};
		CA619E6329AA22EF002EEF40 /* Trips */ = {
			isa = PBXGroup;
			children = (
				CA619E6429AA22FF002EEF40 /* RideRequestView.swift */,
			);
			path = Trips;
			sourceTree = "<group>";
		};
/* End PBXGroup section */

/* Begin PBXNativeTarget section */
		CA56843429A5B9E000B819C2 /* UberSwiftUITutorial */ = {
			isa = PBXNativeTarget;
			buildConfigurationList = CA56844329A5B9E200B819C2 /* Build configuration list for PBXNativeTarget "UberSwiftUITutorial" */;
			buildPhases = (
				CA56843129A5B9E000B819C2 /* Sources */,
				CA56843229A5B9E000B819C2 /* Frameworks */,
				CA56843329A5B9E000B819C2 /* Resources */,
			);
			buildRules = (
			);
			dependencies = (
			);
			name = UberSwiftUITutorial;
			productName = UberSwiftUITutorial;
			productReference = CA56843529A5B9E000B819C2 /* UberSwiftUITutorial.app */;
			productType = "com.apple.product-type.application";
		};
/* End PBXNativeTarget section */

/* Begin PBXProject section */
		CA56842D29A5B9E000B819C2 /* Project object */ = {
			isa = PBXProject;
			attributes = {
				BuildIndependentTargetsInParallel = 1;
				LastSwiftUpdateCheck = 1340;
				LastUpgradeCheck = 1340;
				TargetAttributes = {
					CA56843429A5B9E000B819C2 = {
						CreatedOnToolsVersion = 13.4.1;
					};
				};
			};
			buildConfigurationList = CA56843029A5B9E000B819C2 /* Build configuration list for PBXProject "UberSwiftUITutorial" */;
			compatibilityVersion = "Xcode 13.0";
			developmentRegion = en;
			hasScannedForEncodings = 0;
			knownRegions = (
				en,
				Base,
			);
			mainGroup = CA56842C29A5B9E000B819C2;
			productRefGroup = CA56843629A5B9E000B819C2 /* Products */;
			projectDirPath = "";
			projectRoot = "";
			targets = (
				CA56843429A5B9E000B819C2 /* UberSwiftUITutorial */,
			);
		};
/* End PBXProject section */

/* Begin PBXResourcesBuildPhase section */
		CA56843329A5B9E000B819C2 /* Resources */ = {
			isa = PBXResourcesBuildPhase;
			buildActionMask = 2147483647;
			files = (
				CA56844029A5B9E200B819C2 /* Preview Assets.xcassets in Resources */,
				CA56843D29A5B9E200B819C2 /* Assets.xcassets in Resources */,
			);
			runOnlyForDeploymentPostprocessing = 0;
		};
/* End PBXResourcesBuildPhase section */

/* Begin PBXSourcesBuildPhase section */
		CA56843129A5B9E000B819C2 /* Sources */ = {
			isa = PBXSourcesBuildPhase;
			buildActionMask = 2147483647;
			files = (
				CA619E6029A959BC002EEF40 /* LocationSearchViewModel.swift in Sources */,
				CA619E5C29A865D2002EEF40 /* LocationSearchView.swift in Sources */,
				CA56845629A5C70800B819C2 /* LocationManager.swift in Sources */,
				CA619E6529AA22FF002EEF40 /* RideRequestView.swift in Sources */,
				CA5FA85829AD06500007FC45 /* Double.swift in Sources */,
				CA3D97BC29AD7C9E009F4DD2 /* RegistrationView.swift in Sources */,
				CA619E6229AA0458002EEF40 /* MapViewState.swift in Sources */,
				CA619E5A29A85FEE002EEF40 /* MapViewActionButton.swift in Sources */,
				CA56843929A5B9E000B819C2 /* UberSwiftUITutorialApp.swift in Sources */,
				CA5FA85C29AD218E0007FC45 /* Color.swift in Sources */,
				CA56845429A5BE9300B819C2 /* UberMapViewRepresentable.swift in Sources */,
				CA56845229A5BE2800B819C2 /* HomeView.swift in Sources */,
				CA5FA85A29AD17640007FC45 /* UberLocation.swift in Sources */,
				CA619E5829A84062002EEF40 /* LocationSearchActivationView.swift in Sources */,
				CA619E5E29A882F2002EEF40 /* LocationSearchResultCell.swift in Sources */,
				CA3D97BA29AD7C8F009F4DD2 /* LoginView.swift in Sources */,
				CA3D97BF29AD927F009F4DD2 /* CustomInputField.swift in Sources */,
				CA5FA85629AC5F4E0007FC45 /* RideType.swift in Sources */,
			);
			runOnlyForDeploymentPostprocessing = 0;
		};
/* End PBXSourcesBuildPhase section */

/* Begin XCBuildConfiguration section */
		CA56844129A5B9E200B819C2 /* Debug */ = {
			isa = XCBuildConfiguration;
			buildSettings = {
				ALWAYS_SEARCH_USER_PATHS = NO;
				CLANG_ANALYZER_NONNULL = YES;
				CLANG_ANALYZER_NUMBER_OBJECT_CONVERSION = YES_AGGRESSIVE;
				CLANG_CXX_LANGUAGE_STANDARD = "gnu++17";
				CLANG_ENABLE_MODULES = YES;
				CLANG_ENABLE_OBJC_ARC = YES;
				CLANG_ENABLE_OBJC_WEAK = YES;
				CLANG_WARN_BLOCK_CAPTURE_AUTORELEASING = YES;
				CLANG_WARN_BOOL_CONVERSION = YES;
				CLANG_WARN_COMMA = YES;
				CLANG_WARN_CONSTANT_CONVERSION = YES;
				CLANG_WARN_DEPRECATED_OBJC_IMPLEMENTATIONS = YES;
				CLANG_WARN_DIRECT_OBJC_ISA_USAGE = YES_ERROR;
				CLANG_WARN_DOCUMENTATION_COMMENTS = YES;
				CLANG_WARN_EMPTY_BODY = YES;
				CLANG_WARN_ENUM_CONVERSION = YES;
				CLANG_WARN_INFINITE_RECURSION = YES;
				CLANG_WARN_INT_CONVERSION = YES;
				CLANG_WARN_NON_LITERAL_NULL_CONVERSION = YES;
				CLANG_WARN_OBJC_IMPLICIT_RETAIN_SELF = YES;
				CLANG_WARN_OBJC_LITERAL_CONVERSION = YES;
				CLANG_WARN_OBJC_ROOT_CLASS = YES_ERROR;
				CLANG_WARN_QUOTED_INCLUDE_IN_FRAMEWORK_HEADER = YES;
				CLANG_WARN_RANGE_LOOP_ANALYSIS = YES;
				CLANG_WARN_STRICT_PROTOTYPES = YES;
				CLANG_WARN_SUSPICIOUS_MOVE = YES;
				CLANG_WARN_UNGUARDED_AVAILABILITY = YES_AGGRESSIVE;
				CLANG_WARN_UNREACHABLE_CODE = YES;
				CLANG_WARN__DUPLICATE_METHOD_MATCH = YES;
				COPY_PHASE_STRIP = NO;
				DEBUG_INFORMATION_FORMAT = dwarf;
				ENABLE_STRICT_OBJC_MSGSEND = YES;
				ENABLE_TESTABILITY = YES;
				GCC_C_LANGUAGE_STANDARD = gnu11;
				GCC_DYNAMIC_NO_PIC = NO;
				GCC_NO_COMMON_BLOCKS = YES;
				GCC_OPTIMIZATION_LEVEL = 0;
				GCC_PREPROCESSOR_DEFINITIONS = (
					"DEBUG=1",
					"$(inherited)",
				);
				GCC_WARN_64_TO_32_BIT_CONVERSION = YES;
				GCC_WARN_ABOUT_RETURN_TYPE = YES_ERROR;
				GCC_WARN_UNDECLARED_SELECTOR = YES;
				GCC_WARN_UNINITIALIZED_AUTOS = YES_AGGRESSIVE;
				GCC_WARN_UNUSED_FUNCTION = YES;
				GCC_WARN_UNUSED_VARIABLE = YES;
				IPHONEOS_DEPLOYMENT_TARGET = 15.5;
				MTL_ENABLE_DEBUG_INFO = INCLUDE_SOURCE;
				MTL_FAST_MATH = YES;
				ONLY_ACTIVE_ARCH = YES;
				SDKROOT = iphoneos;
				SWIFT_ACTIVE_COMPILATION_CONDITIONS = DEBUG;
				SWIFT_OPTIMIZATION_LEVEL = "-Onone";
			};
			name = Debug;
		};
		CA56844229A5B9E200B819C2 /* Release */ = {
			isa = XCBuildConfiguration;
			buildSettings = {
				ALWAYS_SEARCH_USER_PATHS = NO;
				CLANG_ANALYZER_NONNULL = YES;
				CLANG_ANALYZER_NUMBER_OBJECT_CONVERSION = YES_AGGRESSIVE;
				CLANG_CXX_LANGUAGE_STANDARD = "gnu++17";
				CLANG_ENABLE_MODULES = YES;
				CLANG_ENABLE_OBJC_ARC = YES;
				CLANG_ENABLE_OBJC_WEAK = YES;
				CLANG_WARN_BLOCK_CAPTURE_AUTORELEASING = YES;
				CLANG_WARN_BOOL_CONVERSION = YES;
				CLANG_WARN_COMMA = YES;
				CLANG_WARN_CONSTANT_CONVERSION = YES;
				CLANG_WARN_DEPRECATED_OBJC_IMPLEMENTATIONS = YES;
				CLANG_WARN_DIRECT_OBJC_ISA_USAGE = YES_ERROR;
				CLANG_WARN_DOCUMENTATION_COMMENTS = YES;
				CLANG_WARN_EMPTY_BODY = YES;
				CLANG_WARN_ENUM_CONVERSION = YES;
				CLANG_WARN_INFINITE_RECURSION = YES;
				CLANG_WARN_INT_CONVERSION = YES;
				CLANG_WARN_NON_LITERAL_NULL_CONVERSION = YES;
				CLANG_WARN_OBJC_IMPLICIT_RETAIN_SELF = YES;
				CLANG_WARN_OBJC_LITERAL_CONVERSION = YES;
				CLANG_WARN_OBJC_ROOT_CLASS = YES_ERROR;
				CLANG_WARN_QUOTED_INCLUDE_IN_FRAMEWORK_HEADER = YES;
				CLANG_WARN_RANGE_LOOP_ANALYSIS = YES;
				CLANG_WARN_STRICT_PROTOTYPES = YES;
				CLANG_WARN_SUSPICIOUS_MOVE = YES;
				CLANG_WARN_UNGUARDED_AVAILABILITY = YES_AGGRESSIVE;
				CLANG_WARN_UNREACHABLE_CODE = YES;
				CLANG_WARN__DUPLICATE_METHOD_MATCH = YES;
				COPY_PHASE_STRIP = NO;
				DEBUG_INFORMATION_FORMAT = "dwarf-with-dsym";
				ENABLE_NS_ASSERTIONS = NO;
				ENABLE_STRICT_OBJC_MSGSEND = YES;
				GCC_C_LANGUAGE_STANDARD = gnu11;
				GCC_NO_COMMON_BLOCKS = YES;
				GCC_WARN_64_TO_32_BIT_CONVERSION = YES;
				GCC_WARN_ABOUT_RETURN_TYPE = YES_ERROR;
				GCC_WARN_UNDECLARED_SELECTOR = YES;
				GCC_WARN_UNINITIALIZED_AUTOS = YES_AGGRESSIVE;
				GCC_WARN_UNUSED_FUNCTION = YES;
				GCC_WARN_UNUSED_VARIABLE = YES;
				IPHONEOS_DEPLOYMENT_TARGET = 15.5;
				MTL_ENABLE_DEBUG_INFO = NO;
				MTL_FAST_MATH = YES;
				SDKROOT = iphoneos;
				SWIFT_COMPILATION_MODE = wholemodule;
				SWIFT_OPTIMIZATION_LEVEL = "-O";
				VALIDATE_PRODUCT = YES;
			};
			name = Release;
		};
		CA56844429A5B9E200B819C2 /* Debug */ = {
			isa = XCBuildConfiguration;
			buildSettings = {
				ASSETCATALOG_COMPILER_APPICON_NAME = AppIcon;
				ASSETCATALOG_COMPILER_GLOBAL_ACCENT_COLOR_NAME = AccentColor;
				CODE_SIGN_STYLE = Automatic;
				CURRENT_PROJECT_VERSION = 1;
				DEVELOPMENT_ASSET_PATHS = "\"UberSwiftUITutorial/Preview Content\"";
				DEVELOPMENT_TEAM = N7EK62AVQ2;
				ENABLE_PREVIEWS = YES;
				GENERATE_INFOPLIST_FILE = YES;
				INFOPLIST_KEY_NSLocationWhenInUseUsageDescription = "Please allow us to access your location to find you drivers nearby";
				INFOPLIST_KEY_UIApplicationSceneManifest_Generation = YES;
				INFOPLIST_KEY_UIApplicationSupportsIndirectInputEvents = YES;
				INFOPLIST_KEY_UILaunchScreen_Generation = YES;
				INFOPLIST_KEY_UISupportedInterfaceOrientations_iPad = "UIInterfaceOrientationPortrait UIInterfaceOrientationPortraitUpsideDown UIInterfaceOrientationLandscapeLeft UIInterfaceOrientationLandscapeRight";
				INFOPLIST_KEY_UISupportedInterfaceOrientations_iPhone = "UIInterfaceOrientationPortrait UIInterfaceOrientationLandscapeLeft UIInterfaceOrientationLandscapeRight";
				LD_RUNPATH_SEARCH_PATHS = (
					"$(inherited)",
					"@executable_path/Frameworks",
				);
				MARKETING_VERSION = 1.0;
				PRODUCT_BUNDLE_IDENTIFIER = test.UberSwiftUITutorial;
				PRODUCT_NAME = "$(TARGET_NAME)";
				SWIFT_EMIT_LOC_STRINGS = YES;
				SWIFT_VERSION = 5.0;
				TARGETED_DEVICE_FAMILY = "1,2";
			};
			name = Debug;
		};
		CA56844529A5B9E200B819C2 /* Release */ = {
			isa = XCBuildConfiguration;
			buildSettings = {
				ASSETCATALOG_COMPILER_APPICON_NAME = AppIcon;
				ASSETCATALOG_COMPILER_GLOBAL_ACCENT_COLOR_NAME = AccentColor;
				CODE_SIGN_STYLE = Automatic;
				CURRENT_PROJECT_VERSION = 1;
				DEVELOPMENT_ASSET_PATHS = "\"UberSwiftUITutorial/Preview Content\"";
				DEVELOPMENT_TEAM = N7EK62AVQ2;
				ENABLE_PREVIEWS = YES;
				GENERATE_INFOPLIST_FILE = YES;
				INFOPLIST_KEY_NSLocationWhenInUseUsageDescription = "Please allow us to access your location to find you drivers nearby";
				INFOPLIST_KEY_UIApplicationSceneManifest_Generation = YES;
				INFOPLIST_KEY_UIApplicationSupportsIndirectInputEvents = YES;
				INFOPLIST_KEY_UILaunchScreen_Generation = YES;
				INFOPLIST_KEY_UISupportedInterfaceOrientations_iPad = "UIInterfaceOrientationPortrait UIInterfaceOrientationPortraitUpsideDown UIInterfaceOrientationLandscapeLeft UIInterfaceOrientationLandscapeRight";
				INFOPLIST_KEY_UISupportedInterfaceOrientations_iPhone = "UIInterfaceOrientationPortrait UIInterfaceOrientationLandscapeLeft UIInterfaceOrientationLandscapeRight";
				LD_RUNPATH_SEARCH_PATHS = (
					"$(inherited)",
					"@executable_path/Frameworks",
				);
				MARKETING_VERSION = 1.0;
				PRODUCT_BUNDLE_IDENTIFIER = test.UberSwiftUITutorial;
				PRODUCT_NAME = "$(TARGET_NAME)";
				SWIFT_EMIT_LOC_STRINGS = YES;
				SWIFT_VERSION = 5.0;
				TARGETED_DEVICE_FAMILY = "1,2";
			};
			name = Release;
		};
/* End XCBuildConfiguration section */

/* Begin XCConfigurationList section */
		CA56843029A5B9E000B819C2 /* Build configuration list for PBXProject "UberSwiftUITutorial" */ = {
			isa = XCConfigurationList;
			buildConfigurations = (
				CA56844129A5B9E200B819C2 /* Debug */,
				CA56844229A5B9E200B819C2 /* Release */,
			);
			defaultConfigurationIsVisible = 0;
			defaultConfigurationName = Release;
		};
		CA56844329A5B9E200B819C2 /* Build configuration list for PBXNativeTarget "UberSwiftUITutorial" */ = {
			isa = XCConfigurationList;
			buildConfigurations = (
				CA56844429A5B9E200B819C2 /* Debug */,
				CA56844529A5B9E200B819C2 /* Release */,
			);
			defaultConfigurationIsVisible = 0;
			defaultConfigurationName = Release;
		};
/* End XCConfigurationList section */
	};
	rootObject = CA56842D29A5B9E000B819C2 /* Project object */;
}
